{
  "name": "@jaredh159/useragent",
  "version": "1.0.1",
  "lockfileVersion": 2,
  "requires": true,
  "packages": {
    "": {
      "name": "@jaredh159/useragent",
      "version": "1.0.1",
      "license": "MIT",
      "dependencies": {
        "express-useragent": "^1.0.15",
        "isbot": "^3.4.1"
      },
      "devDependencies": {
        "@types/node": "^17.0.12"
      }
    },
    "node_modules/@types/node": {
      "version": "17.0.12",
      "resolved": "https://registry.npmjs.org/@types/node/-/node-17.0.12.tgz",
      "integrity": "sha512-4YpbAsnJXWYK/fpTVFlMIcUIho2AYCi4wg5aNPrG1ng7fn/1/RZfCIpRCiBX+12RVa34RluilnvCqD+g3KiSiA==",
      "dev": true
    },
    "node_modules/express-useragent": {
      "version": "1.0.15",
      "resolved": "https://registry.npmjs.org/express-useragent/-/express-useragent-1.0.15.tgz",
      "integrity": "sha512-eq5xMiYCYwFPoekffMjvEIk+NWdlQY9Y38OsTyl13IvA728vKT+q/CSERYWzcw93HGBJcIqMIsZC5CZGARPVdg==",
      "engines": {
        "node": ">=4.5"
      }
    },
    "node_modules/isbot": {
      "version": "3.4.1",
      "resolved": "https://registry.npmjs.org/isbot/-/isbot-3.4.1.tgz",
      "integrity": "sha512-CyapceDROQ9dp9uGUh2d0D7q/MDGDt2B3rl/da+BZ0maCBI9bNlZMk3fr4dEO+LEsRY7ur3mfYNQPavCRDRJxg==",
      "engines": {
        "node": ">=12"
      }
    }
  },
  "dependencies": {
    "@types/node": {
      "version": "17.0.12",
      "resolved": "https://registry.npmjs.org/@types/node/-/node-17.0.12.tgz",
      "integrity": "sha512-4YpbAsnJXWYK/fpTVFlMIcUIho2AYCi4wg5aNPrG1ng7fn/1/RZfCIpRCiBX+12RVa34RluilnvCqD+g3KiSiA==",
      "dev": true
    },
    "express-useragent": {
      "version": "1.0.15",
      "resolved": "https://registry.npmjs.org/express-useragent/-/express-useragent-1.0.15.tgz",
      "integrity": "sha512-eq5xMiYCYwFPoekffMjvEIk+NWdlQY9Y38OsTyl13IvA728vKT+q/CSERYWzcw93HGBJcIqMIsZC5CZGARPVdg=="
    },
    "isbot": {
      "version": "3.4.1",
      "resolved": "https://registry.npmjs.org/isbot/-/isbot-3.4.1.tgz",
      "integrity": "sha512-CyapceDROQ9dp9uGUh2d0D7q/MDGDt2B3rl/da+BZ0maCBI9bNlZMk3fr4dEO+LEsRY7ur3mfYNQPavCRDRJxg=="
    }
  }
}
